
Microsoft Visual Studio Solution File, Format Version 12.00
# Visual Studio Version 17
VisualStudioVersion = 17.4.33122.133
MinimumVisualStudioVersion = 10.0.40219.1
Project("{FAE04EC0-301F-11D3-BF4B-00C04F79EFBC}") = "TochkaKoda - Калькулятор", "TochkaKoda - Калькулятор\TochkaKoda - Калькулятор.csproj", "{15B9B63D-DDF2-4B03-8C37-87BFDE1C4B53}"
EndProject
Global
	GlobalSection(SolutionConfigurationPlatforms) = preSolution
		Debug|Any CPU = Debug|Any CPU
		Release|Any CPU = Release|Any CPU
	EndGlobalSection
	GlobalSection(ProjectConfigurationPlatforms) = postSolution
		{15B9B63D-DDF2-4B03-8C37-87BFDE1C4B53}.Debug|Any CPU.ActiveCfg = Debug|Any CPU
		{15B9B63D-DDF2-4B03-8C37-87BFDE1C4B53}.Debug|Any CPU.Build.0 = Debug|Any CPU
		{15B9B63D-DDF2-4B03-8C37-87BFDE1C4B53}.Release|Any CPU.ActiveCfg = Release|Any CPU
		{15B9B63D-DDF2-4B03-8C37-87BFDE1C4B53}.Release|Any CPU.Build.0 = Release|Any CPU
	EndGlobalSection
	GlobalSection(SolutionProperties) = preSolution
		HideSolutionNode = FALSE
	EndGlobalSection
	GlobalSection(ExtensibilityGlobals) = postSolution
		SolutionGuid = {353D0533-8C17-428B-AF50-9F9DEB801288}
	EndGlobalSection
EndGlobal
